# This file is autogenerated, do not edit; changes may be undone by the next 'dep ensure'.


[[projects]]
  digest = "1:a54465f90211f1c17ae03483b275175f6b69cd2303d7f179f651e8c05f86802e"
  name = "github.com/astaxie/beego"
  packages = ["logs"]
  pruneopts = "UT"
  revision = "053a075344c118a5cc41981b29ef612bb53d20ca"
  version = "v1.10.1"

[[projects]]
  branch = "master"
  digest = "1:0ae01c9e122d522c729f55986d052983d7e813f3e82a32b887374906a286e7de"
  name = "github.com/fvbock/endless"
  packages = ["."]
  pruneopts = "UT"
  revision = "447134032cb6a86814f570257390a379982dfc61"

[[projects]]
  digest = "1:7a6a3023f0d533466ee3c0da5d4dfc2476b44850f64673f90773c848847c3ee2"
  name = "github.com/gin-gonic/gin"
  packages = [
    ".",
    "binding",
    "render",
  ]
  pruneopts = "UT"
  revision = "50e7e427300a7eeeb299a4cd5bc1ebfa04d48528"
  version = "v0.5"

[[projects]]
  digest = "1:fe8a03a8222d5b913f256972933d26d24ad7c8286692a42943bc01633cc8fce3"
  name = "github.com/go-ini/ini"
  packages = ["."]
  pruneopts = "UT"
  revision = "358ee7663966325963d4e8b2e1fbd570c5195153"
  version = "v1.38.1"

[[projects]]
  digest = "1:850c49ca338a10fec2cb9e78f793043ed23965489d09e30bcc19fe29719da313"
  name = "github.com/go-sql-driver/mysql"
  packages = ["."]
  pruneopts = "UT"
  revision = "a0583e0143b1624142adab07e0e97fe106d99561"
  version = "v1.3.0"

[[projects]]
  digest = "1:b9d4d55d1fc17483eb65e853e4343a89e064db57897e06c198e84a400f1a8ef6"
  name = "github.com/go-xorm/builder"
  packages = ["."]
  pruneopts = "UT"
  revision = "dc8bf48f58fab2b4da338ffd25191905fd741b8f"
  version = "v0.3.0"

[[projects]]
  digest = "1:ec14b8c3b10e27599d7053a97bd28ef36e59cc4247f83b474bca43aaa971eab9"
  name = "github.com/go-xorm/core"
  packages = ["."]
  pruneopts = "UT"
  revision = "c10e21e7e1cec20e09398f2dfae385e58c8df555"
  version = "v0.6.0"

[[projects]]
  digest = "1:a8b125395e07c4e0c26030f783f6fbd01ab006ce1f268465e4c42f62a1d42a41"
  name = "github.com/go-xorm/xorm"
  packages = ["."]
  pruneopts = "UT"
  revision = "d85bb4911c725a53b135fc12862748a41b6c07da"
  version = "v0.7.0"

[[projects]]
  digest = "1:ccfa094742ce1c97fd3f6481e1bf98f3d9862510eee2bc0eb56e2745396bd330"
  name = "github.com/julienschmidt/httprouter"
  packages = ["."]
  pruneopts = "UT"
  revision = "8c199fb6259ffc1af525cc3ad52ee60ba8359669"
  version = "v1.1"

[solve-meta]
  analyzer-name = "dep"
  analyzer-version = 1
  input-imports = [
    "github.com/astaxie/beego/logs",
    "github.com/fvbock/endless",
    "github.com/gin-gonic/gin",
    "github.com/go-ini/ini",
    "github.com/go-sql-driver/mysql",
    "github.com/go-xorm/core",
    "github.com/go-xorm/xorm",
  ]
  solver-name = "gps-cdcl"
  solver-version = 1
